
Microsoft Visual Studio Solution File, Format Version 12.00
# Visual Studio Version 16
VisualStudioVersion = 16.0.29409.12
MinimumVisualStudioVersion = 10.0.40219.1
Project("{8BC9CEB8-8B4A-11D0-8D11-00A0C91BC942}") = "TriangleTest", "TriangleTest.vcxproj", "{F8CCFD0E-96B8-4CE0-B085-FC1ED929DEF2}"
EndProject
Project("{8BC9CEB8-8B4A-11D0-8D11-00A0C91BC942}") = "TriangleTest_Tests", "..\TriangleTest_Tests\TriangleTest_Tests.vcxproj", "{14E6237A-8D60-481C-B3F2-8430F1025385}"
EndProject
Global
	GlobalSection(SolutionConfigurationPlatforms) = preSolution
		Debug|x64 = Debug|x64
		Debug|x86 = Debug|x86
		Release|x64 = Release|x64
		Release|x86 = Release|x86
	EndGlobalSection
	GlobalSection(ProjectConfigurationPlatforms) = postSolution
		{F8CCFD0E-96B8-4CE0-B085-FC1ED929DEF2}.Debug|x64.ActiveCfg = Debug|x64
		{F8CCFD0E-96B8-4CE0-B085-FC1ED929DEF2}.Debug|x64.Build.0 = Debug|x64
		{F8CCFD0E-96B8-4CE0-B085-FC1ED929DEF2}.Debug|x86.ActiveCfg = Debug|Win32
		{F8CCFD0E-96B8-4CE0-B085-FC1ED929DEF2}.Debug|x86.Build.0 = Debug|Win32
		{F8CCFD0E-96B8-4CE0-B085-FC1ED929DEF2}.Release|x64.ActiveCfg = Release|x64
		{F8CCFD0E-96B8-4CE0-B085-FC1ED929DEF2}.Release|x64.Build.0 = Release|x64
		{F8CCFD0E-96B8-4CE0-B085-FC1ED929DEF2}.Release|x86.ActiveCfg = Release|Win32
		{F8CCFD0E-96B8-4CE0-B085-FC1ED929DEF2}.Release|x86.Build.0 = Release|Win32
		{14E6237A-8D60-481C-B3F2-8430F1025385}.Debug|x64.ActiveCfg = Debug|x64
		{14E6237A-8D60-481C-B3F2-8430F1025385}.Debug|x64.Build.0 = Debug|x64
		{14E6237A-8D60-481C-B3F2-8430F1025385}.Debug|x86.ActiveCfg = Debug|Win32
		{14E6237A-8D60-481C-B3F2-8430F1025385}.Debug|x86.Build.0 = Debug|Win32
		{14E6237A-8D60-481C-B3F2-8430F1025385}.Release|x64.ActiveCfg = Release|x64
		{14E6237A-8D60-481C-B3F2-8430F1025385}.Release|x64.Build.0 = Release|x64
		{14E6237A-8D60-481C-B3F2-8430F1025385}.Release|x86.ActiveCfg = Release|Win32
		{14E6237A-8D60-481C-B3F2-8430F1025385}.Release|x86.Build.0 = Release|Win32
	EndGlobalSection
	GlobalSection(SolutionProperties) = preSolution
		HideSolutionNode = FALSE
	EndGlobalSection
	GlobalSection(ExtensibilityGlobals) = postSolution
		SolutionGuid = {B2AA8FCB-B39F-4695-91FC-30927E5B0349}
	EndGlobalSection
EndGlobal
